// !$*UTF8*$!
{
	archiveVersion = 1;
	classes = {
	};
	objectVersion = 46;
	objects = {

/* Begin PBXBuildFile section */
		CD78D8011C26419700920DB4 /* update02.jpg in Resources */ = {isa = PBXBuildFile; fileRef = CD78D7FF1C26419700920DB4 /* update02.jpg */; };
		CD78D8051C2641A700920DB4 /* update03.jpg in Resources */ = {isa = PBXBuildFile; fileRef = CD78D8021C2641A700920DB4 /* update03.jpg */; };
		CD78D8061C2641A700920DB4 /* update04.jpg in Resources */ = {isa = PBXBuildFile; fileRef = CD78D8031C2641A700920DB4 /* update04.jpg */; };
		CD78D8071C2641A700920DB4 /* update05.jpg in Resources */ = {isa = PBXBuildFile; fileRef = CD78D8041C2641A700920DB4 /* update05.jpg */; };
		CD78D8091C26429700920DB4 /* update01.jpg in Resources */ = {isa = PBXBuildFile; fileRef = CD78D8081C26429700920DB4 /* update01.jpg */; };
		CD78D80D1C26871A00920DB4 /* welcome.jpg in Resources */ = {isa = PBXBuildFile; fileRef = CD78D80C1C26871A00920DB4 /* welcome.jpg */; };
		CDB05B501C22C93D00F7387C /* main.m in Sources */ = {isa = PBXBuildFile; fileRef = CDB05B4F1C22C93D00F7387C /* main.m */; };
		CDB05B531C22C93D00F7387C /* AppDelegate.m in Sources */ = {isa = PBXBuildFile; fileRef = CDB05B521C22C93D00F7387C /* AppDelegate.m */; };
		CDB05B561C22C93D00F7387C /* brilliantMilk.xcdatamodeld in Sources */ = {isa = PBXBuildFile; fileRef = CDB05B541C22C93D00F7387C /* brilliantMilk.xcdatamodeld */; };
		CDB05B5E1C22C93D00F7387C /* Images.xcassets in Resources */ = {isa = PBXBuildFile; fileRef = CDB05B5D1C22C93D00F7387C /* Images.xcassets */; };
		CDB05B6D1C22C93D00F7387C /* brilliantMilkTests.m in Sources */ = {isa = PBXBuildFile; fileRef = CDB05B6C1C22C93D00F7387C /* brilliantMilkTests.m */; };
		CDB05B841C22CA3100F7387C /* goodsTableViewController.m in Sources */ = {isa = PBXBuildFile; fileRef = CDB05B821C22CA3100F7387C /* goodsTableViewController.m */; };
		CDB05B851C22CA3100F7387C /* goodsTableViewController.xib in Resources */ = {isa = PBXBuildFile; fileRef = CDB05B831C22CA3100F7387C /* goodsTableViewController.xib */; };
		CDB05B891C22CA8B00F7387C /* shopingTableViewController.m in Sources */ = {isa = PBXBuildFile; fileRef = CDB05B871C22CA8B00F7387C /* shopingTableViewController.m */; };
		CDB05B8A1C22CA8B00F7387C /* shopingTableViewController.xib in Resources */ = {isa = PBXBuildFile; fileRef = CDB05B881C22CA8B00F7387C /* shopingTableViewController.xib */; };
		CDB05B8E1C22CB1400F7387C /* myTableViewController.m in Sources */ = {isa = PBXBuildFile; fileRef = CDB05B8C1C22CB1400F7387C /* myTableViewController.m */; };
		CDB05B8F1C22CB1400F7387C /* myTableViewController.xib in Resources */ = {isa = PBXBuildFile; fileRef = CDB05B8D1C22CB1400F7387C /* myTableViewController.xib */; };
		CDB05B991C22CD8E00F7387C /* tabBarViewController.m in Sources */ = {isa = PBXBuildFile; fileRef = CDB05B971C22CD8E00F7387C /* tabBarViewController.m */; };
		CDB05B9A1C22CD8E00F7387C /* tabBarViewController.xib in Resources */ = {isa = PBXBuildFile; fileRef = CDB05B981C22CD8E00F7387C /* tabBarViewController.xib */; };
		CDB05BA51C22D06E00F7387C /* welcomeViewController.m in Sources */ = {isa = PBXBuildFile; fileRef = CDB05BA31C22D06E00F7387C /* welcomeViewController.m */; };
		CDB05BA61C22D06E00F7387C /* welcomeViewController.xib in Resources */ = {isa = PBXBuildFile; fileRef = CDB05BA41C22D06E00F7387C /* welcomeViewController.xib */; };
		CDB05BAC1C22EB1300F7387C /* navigationBar.jpg in Resources */ = {isa = PBXBuildFile; fileRef = CDB05BAB1C22EB1300F7387C /* navigationBar.jpg */; };
		CDB05BAE1C22EBF400F7387C /* tabBar.jpg in Resources */ = {isa = PBXBuildFile; fileRef = CDB05BAD1C22EBF400F7387C /* tabBar.jpg */; };
		CDB05BBE1C23023900F7387C /* goods.jpg in Resources */ = {isa = PBXBuildFile; fileRef = CDB05BBD1C23023900F7387C /* goods.jpg */; };
		CDB05BC01C23024300F7387C /* my.jpg in Resources */ = {isa = PBXBuildFile; fileRef = CDB05BBF1C23024300F7387C /* my.jpg */; };
		CDB05BC21C23024B00F7387C /* shoping.jpg in Resources */ = {isa = PBXBuildFile; fileRef = CDB05BC11C23024B00F7387C /* shoping.jpg */; };
		CDB05BCC1C230B3600F7387C /* barItemSelected.jpg in Resources */ = {isa = PBXBuildFile; fileRef = CDB05BCB1C230B3600F7387C /* barItemSelected.jpg */; };
		CDB05BCE1C230E7200F7387C /* barSelected.png in Resources */ = {isa = PBXBuildFile; fileRef = CDB05BCD1C230E7200F7387C /* barSelected.png */; };
		CDB05BD01C23120F00F7387C /* search.png in Resources */ = {isa = PBXBuildFile; fileRef = CDB05BCF1C23120F00F7387C /* search.png */; };
		CDB05BD21C23151000F7387C /* Libian.ttc in Resources */ = {isa = PBXBuildFile; fileRef = CDB05BD11C23148C00F7387C /* Libian.ttc */; };
		CDB05BD71C2333D700F7387C /* loginViewController.m in Sources */ = {isa = PBXBuildFile; fileRef = CDB05BD51C2333D700F7387C /* loginViewController.m */; };
		CDB05BD81C2333D700F7387C /* loginViewController.xib in Resources */ = {isa = PBXBuildFile; fileRef = CDB05BD61C2333D700F7387C /* loginViewController.xib */; };
		CDB05BDD1C23BAC200F7387C /* icon01.png in Resources */ = {isa = PBXBuildFile; fileRef = CDB05BDC1C23BAC200F7387C /* icon01.png */; };
		CDB05BE11C23C57500F7387C /* frontPageTableViewController.m in Sources */ = {isa = PBXBuildFile; fileRef = CDB05BDF1C23C57500F7387C /* frontPageTableViewController.m */; };
		CDB05BE21C23C57500F7387C /* frontPageTableViewController.xib in Resources */ = {isa = PBXBuildFile; fileRef = CDB05BE01C23C57500F7387C /* frontPageTableViewController.xib */; };
		CDB05BE61C23E39700F7387C /* ViewController.m in Sources */ = {isa = PBXBuildFile; fileRef = CDB05BE41C23E39700F7387C /* ViewController.m */; };
		CDB05BE71C23E39700F7387C /* ViewController.xib in Resources */ = {isa = PBXBuildFile; fileRef = CDB05BE51C23E39700F7387C /* ViewController.xib */; };
/* End PBXBuildFile section */

/* Begin PBXContainerItemProxy section */
		CDB05B671C22C93D00F7387C /* PBXContainerItemProxy */ = {
			isa = PBXContainerItemProxy;
			containerPortal = CDB05B421C22C93D00F7387C /* Project object */;
			proxyType = 1;
			remoteGlobalIDString = CDB05B491C22C93D00F7387C;
			remoteInfo = brilliantMilk;
		};
/* End PBXContainerItemProxy section */

/* Begin PBXFileReference section */
		CD78D7FF1C26419700920DB4 /* update02.jpg */ = {isa = PBXFileReference; lastKnownFileType = image.jpeg; path = update02.jpg; sourceTree = "<group>"; };
		CD78D8021C2641A700920DB4 /* update03.jpg */ = {isa = PBXFileReference; lastKnownFileType = image.jpeg; path = update03.jpg; sourceTree = "<group>"; };
		CD78D8031C2641A700920DB4 /* update04.jpg */ = {isa = PBXFileReference; lastKnownFileType = image.jpeg; path = update04.jpg; sourceTree = "<group>"; };
		CD78D8041C2641A700920DB4 /* update05.jpg */ = {isa = PBXFileReference; lastKnownFileType = image.jpeg; path = update05.jpg; sourceTree = "<group>"; };
		CD78D8081C26429700920DB4 /* update01.jpg */ = {isa = PBXFileReference; lastKnownFileType = image.jpeg; path = update01.jpg; sourceTree = "<group>"; };
		CD78D80C1C26871A00920DB4 /* welcome.jpg */ = {isa = PBXFileReference; lastKnownFileType = image.jpeg; path = welcome.jpg; sourceTree = "<group>"; };
		CDB05B4A1C22C93D00F7387C /* brilliantMilk.app */ = {isa = PBXFileReference; explicitFileType = wrapper.application; includeInIndex = 0; path = brilliantMilk.app; sourceTree = BUILT_PRODUCTS_DIR; };
		CDB05B4E1C22C93D00F7387C /* Info.plist */ = {isa = PBXFileReference; lastKnownFileType = text.plist.xml; path = Info.plist; sourceTree = "<group>"; };
		CDB05B4F1C22C93D00F7387C /* main.m */ = {isa = PBXFileReference; lastKnownFileType = sourcecode.c.objc; path = main.m; sourceTree = "<group>"; };
		CDB05B511C22C93D00F7387C /* AppDelegate.h */ = {isa = PBXFileReference; lastKnownFileType = sourcecode.c.h; path = AppDelegate.h; sourceTree = "<group>"; };
		CDB05B521C22C93D00F7387C /* AppDelegate.m */ = {isa = PBXFileReference; lastKnownFileType = sourcecode.c.objc; path = AppDelegate.m; sourceTree = "<group>"; };
		CDB05B551C22C93D00F7387C /* brilliantMilk.xcdatamodel */ = {isa = PBXFileReference; lastKnownFileType = wrapper.xcdatamodel; path = brilliantMilk.xcdatamodel; sourceTree = "<group>"; };
		CDB05B5D1C22C93D00F7387C /* Images.xcassets */ = {isa = PBXFileReference; lastKnownFileType = folder.assetcatalog; path = Images.xcassets; sourceTree = "<group>"; };
		CDB05B661C22C93D00F7387C /* brilliantMilkTests.xctest */ = {isa = PBXFileReference; explicitFileType = wrapper.cfbundle; includeInIndex = 0; path = brilliantMilkTests.xctest; sourceTree = BUILT_PRODUCTS_DIR; };
		CDB05B6B1C22C93D00F7387C /* Info.plist */ = {isa = PBXFileReference; lastKnownFileType = text.plist.xml; path = Info.plist; sourceTree = "<group>"; };
		CDB05B6C1C22C93D00F7387C /* brilliantMilkTests.m */ = {isa = PBXFileReference; lastKnownFileType = sourcecode.c.objc; path = brilliantMilkTests.m; sourceTree = "<group>"; };
		CDB05B811C22CA3100F7387C /* goodsTableViewController.h */ = {isa = PBXFileReference; fileEncoding = 4; lastKnownFileType = sourcecode.c.h; path = goodsTableViewController.h; sourceTree = "<group>"; };
		CDB05B821C22CA3100F7387C /* goodsTableViewController.m */ = {isa = PBXFileReference; fileEncoding = 4; lastKnownFileType = sourcecode.c.objc; path = goodsTableViewController.m; sourceTree = "<group>"; };
		CDB05B831C22CA3100F7387C /* goodsTableViewController.xib */ = {isa = PBXFileReference; fileEncoding = 4; lastKnownFileType = file.xib; path = goodsTableViewController.xib; sourceTree = "<group>"; };
		CDB05B861C22CA8B00F7387C /* shopingTableViewController.h */ = {isa = PBXFileReference; fileEncoding = 4; lastKnownFileType = sourcecode.c.h; path = shopingTableViewController.h; sourceTree = "<group>"; };
		CDB05B871C22CA8B00F7387C /* shopingTableViewController.m */ = {isa = PBXFileReference; fileEncoding = 4; lastKnownFileType = sourcecode.c.objc; path = shopingTableViewController.m; sourceTree = "<group>"; };
		CDB05B881C22CA8B00F7387C /* shopingTableViewController.xib */ = {isa = PBXFileReference; fileEncoding = 4; lastKnownFileType = file.xib; path = shopingTableViewController.xib; sourceTree = "<group>"; };
		CDB05B8B1C22CB1400F7387C /* myTableViewController.h */ = {isa = PBXFileReference; fileEncoding = 4; lastKnownFileType = sourcecode.c.h; path = myTableViewController.h; sourceTree = "<group>"; };
		CDB05B8C1C22CB1400F7387C /* myTableViewController.m */ = {isa = PBXFileReference; fileEncoding = 4; lastKnownFileType = sourcecode.c.objc; path = myTableViewController.m; sourceTree = "<group>"; };
		CDB05B8D1C22CB1400F7387C /* myTableViewController.xib */ = {isa = PBXFileReference; fileEncoding = 4; lastKnownFileType = file.xib; path = myTableViewController.xib; sourceTree = "<group>"; };
		CDB05B961C22CD8E00F7387C /* tabBarViewController.h */ = {isa = PBXFileReference; fileEncoding = 4; lastKnownFileType = sourcecode.c.h; path = tabBarViewController.h; sourceTree = "<group>"; };
		CDB05B971C22CD8E00F7387C /* tabBarViewController.m */ = {isa = PBXFileReference; fileEncoding = 4; lastKnownFileType = sourcecode.c.objc; path = tabBarViewController.m; sourceTree = "<group>"; };
		CDB05B981C22CD8E00F7387C /* tabBarViewController.xib */ = {isa = PBXFileReference; fileEncoding = 4; lastKnownFileType = file.xib; path = tabBarViewController.xib; sourceTree = "<group>"; };
		CDB05BA21C22D06E00F7387C /* welcomeViewController.h */ = {isa = PBXFileReference; fileEncoding = 4; lastKnownFileType = sourcecode.c.h; path = welcomeViewController.h; sourceTree = "<group>"; };
		CDB05BA31C22D06E00F7387C /* welcomeViewController.m */ = {isa = PBXFileReference; fileEncoding = 4; lastKnownFileType = sourcecode.c.objc; path = welcomeViewController.m; sourceTree = "<group>"; };
		CDB05BA41C22D06E00F7387C /* welcomeViewController.xib */ = {isa = PBXFileReference; fileEncoding = 4; lastKnownFileType = file.xib; path = welcomeViewController.xib; sourceTree = "<group>"; };
		CDB05BAB1C22EB1300F7387C /* navigationBar.jpg */ = {isa = PBXFileReference; lastKnownFileType = image.jpeg; path = navigationBar.jpg; sourceTree = "<group>"; };
		CDB05BAD1C22EBF400F7387C /* tabBar.jpg */ = {isa = PBXFileReference; lastKnownFileType = image.jpeg; path = tabBar.jpg; sourceTree = "<group>"; };
		CDB05BBD1C23023900F7387C /* goods.jpg */ = {isa = PBXFileReference; lastKnownFileType = image.jpeg; path = goods.jpg; sourceTree = "<group>"; };
		CDB05BBF1C23024300F7387C /* my.jpg */ = {isa = PBXFileReference; lastKnownFileType = image.jpeg; path = my.jpg; sourceTree = "<group>"; };
		CDB05BC11C23024B00F7387C /* shoping.jpg */ = {isa = PBXFileReference; lastKnownFileType = image.jpeg; path = shoping.jpg; sourceTree = "<group>"; };
		CDB05BCB1C230B3600F7387C /* barItemSelected.jpg */ = {isa = PBXFileReference; lastKnownFileType = image.jpeg; path = barItemSelected.jpg; sourceTree = "<group>"; };
		CDB05BCD1C230E7200F7387C /* barSelected.png */ = {isa = PBXFileReference; lastKnownFileType = image.png; path = barSelected.png; sourceTree = "<group>"; };
		CDB05BCF1C23120F00F7387C /* search.png */ = {isa = PBXFileReference; lastKnownFileType = image.png; path = search.png; sourceTree = "<group>"; };
		CDB05BD11C23148C00F7387C /* Libian.ttc */ = {isa = PBXFileReference; lastKnownFileType = file; path = Libian.ttc; sourceTree = "<group>"; };
		CDB05BD41C2333D700F7387C /* loginViewController.h */ = {isa = PBXFileReference; fileEncoding = 4; lastKnownFileType = sourcecode.c.h; path = loginViewController.h; sourceTree = "<group>"; };
		CDB05BD51C2333D700F7387C /* loginViewController.m */ = {isa = PBXFileReference; fileEncoding = 4; lastKnownFileType = sourcecode.c.objc; path = loginViewController.m; sourceTree = "<group>"; };
		CDB05BD61C2333D700F7387C /* loginViewController.xib */ = {isa = PBXFileReference; fileEncoding = 4; lastKnownFileType = file.xib; path = loginViewController.xib; sourceTree = "<group>"; };
		CDB05BDC1C23BAC200F7387C /* icon01.png */ = {isa = PBXFileReference; lastKnownFileType = image.png; path = icon01.png; sourceTree = "<group>"; };
		CDB05BDE1C23C57500F7387C /* frontPageTableViewController.h */ = {isa = PBXFileReference; fileEncoding = 4; lastKnownFileType = sourcecode.c.h; path = frontPageTableViewController.h; sourceTree = "<group>"; };
		CDB05BDF1C23C57500F7387C /* frontPageTableViewController.m */ = {isa = PBXFileReference; fileEncoding = 4; lastKnownFileType = sourcecode.c.objc; path = frontPageTableViewController.m; sourceTree = "<group>"; };
		CDB05BE01C23C57500F7387C /* frontPageTableViewController.xib */ = {isa = PBXFileReference; fileEncoding = 4; lastKnownFileType = file.xib; path = frontPageTableViewController.xib; sourceTree = "<group>"; };
		CDB05BE31C23E39700F7387C /* ViewController.h */ = {isa = PBXFileReference; fileEncoding = 4; lastKnownFileType = sourcecode.c.h; path = ViewController.h; sourceTree = "<group>"; };
		CDB05BE41C23E39700F7387C /* ViewController.m */ = {isa = PBXFileReference; fileEncoding = 4; lastKnownFileType = sourcecode.c.objc; path = ViewController.m; sourceTree = "<group>"; };
		CDB05BE51C23E39700F7387C /* ViewController.xib */ = {isa = PBXFileReference; fileEncoding = 4; lastKnownFileType = file.xib; path = ViewController.xib; sourceTree = "<group>"; };
/* End PBXFileReference section */

/* Begin PBXFrameworksBuildPhase section */
		CDB05B471C22C93D00F7387C /* Frameworks */ = {
			isa = PBXFrameworksBuildPhase;
			buildActionMask = 2147483647;
			files = (
			);
			runOnlyForDeploymentPostprocessing = 0;
		};
		CDB05B631C22C93D00F7387C /* Frameworks */ = {
			isa = PBXFrameworksBuildPhase;
			buildActionMask = 2147483647;
			files = (
			);
			runOnlyForDeploymentPostprocessing = 0;
		};
/* End PBXFrameworksBuildPhase section */

/* Begin PBXGroup section */
		CDB05B411C22C93D00F7387C = {
			isa = PBXGroup;
			children = (
				CDB05B4C1C22C93D00F7387C /* brilliantMilk */,
				CDB05B691C22C93D00F7387C /* brilliantMilkTests */,
				CDB05B4B1C22C93D00F7387C /* Products */,
			);
			sourceTree = "<group>";
		};
		CDB05B4B1C22C93D00F7387C /* Products */ = {
			isa = PBXGroup;
			children = (
				CDB05B4A1C22C93D00F7387C /* brilliantMilk.app */,
				CDB05B661C22C93D00F7387C /* brilliantMilkTests.xctest */,
			);
			name = Products;
			sourceTree = "<group>";
		};
		CDB05B4C1C22C93D00F7387C /* brilliantMilk */ = {
			isa = PBXGroup;
			children = (
				CDB05BD11C23148C00F7387C /* Libian.ttc */,
				CDB05B511C22C93D00F7387C /* AppDelegate.h */,
				CDB05B521C22C93D00F7387C /* AppDelegate.m */,
				CDB05BE31C23E39700F7387C /* ViewController.h */,
				CDB05BE41C23E39700F7387C /* ViewController.m */,
				CDB05BE51C23E39700F7387C /* ViewController.xib */,
				CDB05BA21C22D06E00F7387C /* welcomeViewController.h */,
				CDB05BA31C22D06E00F7387C /* welcomeViewController.m */,
				CDB05BA41C22D06E00F7387C /* welcomeViewController.xib */,
				CDB05BD91C23A2A500F7387C /* globe */,
				CDB05BD31C23339F00F7387C /* founction */,
				CDB05B761C22C98100F7387C /* model */,
				CDB05B5D1C22C93D00F7387C /* Images.xcassets */,
				CDB05BAA1C22E78800F7387C /* icons */,
				CDB05B541C22C93D00F7387C /* brilliantMilk.xcdatamodeld */,
				CDB05B4D1C22C93D00F7387C /* Supporting Files */,
			);
			path = brilliantMilk;
			sourceTree = "<group>";
		};
		CDB05B4D1C22C93D00F7387C /* Supporting Files */ = {
			isa = PBXGroup;
			children = (
				CDB05B4E1C22C93D00F7387C /* Info.plist */,
				CDB05B4F1C22C93D00F7387C /* main.m */,
			);
			name = "Supporting Files";
			sourceTree = "<group>";
		};
		CDB05B691C22C93D00F7387C /* brilliantMilkTests */ = {
			isa = PBXGroup;
			children = (
				CDB05B6C1C22C93D00F7387C /* brilliantMilkTests.m */,
				CDB05B6A1C22C93D00F7387C /* Supporting Files */,
			);
			path = brilliantMilkTests;
			sourceTree = "<group>";
		};
		CDB05B6A1C22C93D00F7387C /* Supporting Files */ = {
			isa = PBXGroup;
			children = (
				CDB05B6B1C22C93D00F7387C /* Info.plist */,
			);
			name = "Supporting Files";
			sourceTree = "<group>";
		};
		CDB05B761C22C98100F7387C /* model */ = {
			isa = PBXGroup;
			children = (
				CDB05B911C22CCC200F7387C /* front */,
				CDB05B921C22CCCC00F7387C /* goods */,
				CDB05B931C22CCD500F7387C /* shoping */,
				CDB05B951C22CCF300F7387C /* mine */,
			);
			name = model;
			sourceTree = "<group>";
		};
		CDB05B911C22CCC200F7387C /* front */ = {
			isa = PBXGroup;
			children = (
				CDB05BDE1C23C57500F7387C /* frontPageTableViewController.h */,
				CDB05BDF1C23C57500F7387C /* frontPageTableViewController.m */,
				CDB05BE01C23C57500F7387C /* frontPageTableViewController.xib */,
			);
			name = front;
			sourceTree = "<group>";
		};
		CDB05B921C22CCCC00F7387C /* goods */ = {
			isa = PBXGroup;
			children = (
				CDB05B811C22CA3100F7387C /* goodsTableViewController.h */,
				CDB05B821C22CA3100F7387C /* goodsTableViewController.m */,
				CDB05B831C22CA3100F7387C /* goodsTableViewController.xib */,
			);
			name = goods;
			sourceTree = "<group>";
		};
		CDB05B931C22CCD500F7387C /* shoping */ = {
			isa = PBXGroup;
			children = (
				CDB05B861C22CA8B00F7387C /* shopingTableViewController.h */,
				CDB05B871C22CA8B00F7387C /* shopingTableViewController.m */,
				CDB05B881C22CA8B00F7387C /* shopingTableViewController.xib */,
			);
			name = shoping;
			sourceTree = "<group>";
		};
		CDB05B951C22CCF300F7387C /* mine */ = {
			isa = PBXGroup;
			children = (
				CDB05B8B1C22CB1400F7387C /* myTableViewController.h */,
				CDB05B8C1C22CB1400F7387C /* myTableViewController.m */,
				CDB05B8D1C22CB1400F7387C /* myTableViewController.xib */,
			);
			name = mine;
			sourceTree = "<group>";
		};
		CDB05BA11C22CDE900F7387C /* bottom */ = {
			isa = PBXGroup;
			children = (
				CDB05B961C22CD8E00F7387C /* tabBarViewController.h */,
				CDB05B971C22CD8E00F7387C /* tabBarViewController.m */,
				CDB05B981C22CD8E00F7387C /* tabBarViewController.xib */,
			);
			name = bottom;
			sourceTree = "<group>";
		};
		CDB05BAA1C22E78800F7387C /* icons */ = {
			isa = PBXGroup;
			children = (
				CD78D8081C26429700920DB4 /* update01.jpg */,
				CDB05BDC1C23BAC200F7387C /* icon01.png */,
				CDB05BBD1C23023900F7387C /* goods.jpg */,
				CD78D8021C2641A700920DB4 /* update03.jpg */,
				CD78D8031C2641A700920DB4 /* update04.jpg */,
				CD78D8041C2641A700920DB4 /* update05.jpg */,
				CD78D7FF1C26419700920DB4 /* update02.jpg */,
				CDB05BBF1C23024300F7387C /* my.jpg */,
				CDB05BC11C23024B00F7387C /* shoping.jpg */,
				CDB05BCB1C230B3600F7387C /* barItemSelected.jpg */,
				CDB05BCD1C230E7200F7387C /* barSelected.png */,
				CDB05BAB1C22EB1300F7387C /* navigationBar.jpg */,
				CD78D80C1C26871A00920DB4 /* welcome.jpg */,
				CDB05BCF1C23120F00F7387C /* search.png */,
				CDB05BAD1C22EBF400F7387C /* tabBar.jpg */,
			);
			name = icons;
			sourceTree = "<group>";
		};
		CDB05BD31C23339F00F7387C /* founction */ = {
			isa = PBXGroup;
			children = (
				CDB05BD41C2333D700F7387C /* loginViewController.h */,
				CDB05BD51C2333D700F7387C /* loginViewController.m */,
				CDB05BD61C2333D700F7387C /* loginViewController.xib */,
			);
			name = founction;
			sourceTree = "<group>";
		};
		CDB05BD91C23A2A500F7387C /* globe */ = {
			isa = PBXGroup;
			children = (
				CDB05BA11C22CDE900F7387C /* bottom */,
			);
			name = globe;
			sourceTree = "<group>";
		};
/* End PBXGroup section */

/* Begin PBXNativeTarget section */
		CDB05B491C22C93D00F7387C /* brilliantMilk */ = {
			isa = PBXNativeTarget;
			buildConfigurationList = CDB05B701C22C93D00F7387C /* Build configuration list for PBXNativeTarget "brilliantMilk" */;
			buildPhases = (
				CDB05B461C22C93D00F7387C /* Sources */,
				CDB05B471C22C93D00F7387C /* Frameworks */,
				CDB05B481C22C93D00F7387C /* Resources */,
			);
			buildRules = (
			);
			dependencies = (
			);
			name = brilliantMilk;
			productName = brilliantMilk;
			productReference = CDB05B4A1C22C93D00F7387C /* brilliantMilk.app */;
			productType = "com.apple.product-type.application";
		};
		CDB05B651C22C93D00F7387C /* brilliantMilkTests */ = {
			isa = PBXNativeTarget;
			buildConfigurationList = CDB05B731C22C93D00F7387C /* Build configuration list for PBXNativeTarget "brilliantMilkTests" */;
			buildPhases = (
				CDB05B621C22C93D00F7387C /* Sources */,
				CDB05B631C22C93D00F7387C /* Frameworks */,
				CDB05B641C22C93D00F7387C /* Resources */,
			);
			buildRules = (
			);
			dependencies = (
				CDB05B681C22C93D00F7387C /* PBXTargetDependency */,
			);
			name = brilliantMilkTests;
			productName = brilliantMilkTests;
			productReference = CDB05B661C22C93D00F7387C /* brilliantMilkTests.xctest */;
			productType = "com.apple.product-type.bundle.unit-test";
		};
/* End PBXNativeTarget section */

/* Begin PBXProject section */
		CDB05B421C22C93D00F7387C /* Project object */ = {
			isa = PBXProject;
			attributes = {
				LastUpgradeCheck = 0630;
				ORGANIZATIONNAME = "高昭鹏";
				TargetAttributes = {
					CDB05B491C22C93D00F7387C = {
						CreatedOnToolsVersion = 6.3.1;
					};
					CDB05B651C22C93D00F7387C = {
						CreatedOnToolsVersion = 6.3.1;
						TestTargetID = CDB05B491C22C93D00F7387C;
					};
				};
			};
			buildConfigurationList = CDB05B451C22C93D00F7387C /* Build configuration list for PBXProject "brilliantMilk" */;
			compatibilityVersion = "Xcode 3.2";
			developmentRegion = English;
			hasScannedForEncodings = 0;
			knownRegions = (
				en,
				Base,
			);
			mainGroup = CDB05B411C22C93D00F7387C;
			productRefGroup = CDB05B4B1C22C93D00F7387C /* Products */;
			projectDirPath = "";
			projectRoot = "";
			targets = (
				CDB05B491C22C93D00F7387C /* brilliantMilk */,
				CDB05B651C22C93D00F7387C /* brilliantMilkTests */,
			);
		};
/* End PBXProject section */

/* Begin PBXResourcesBuildPhase section */
		CDB05B481C22C93D00F7387C /* Resources */ = {
			isa = PBXResourcesBuildPhase;
			buildActionMask = 2147483647;
			files = (
				CDB05BD21C23151000F7387C /* Libian.ttc in Resources */,
				CDB05BCE1C230E7200F7387C /* barSelected.png in Resources */,
				CDB05BC01C23024300F7387C /* my.jpg in Resources */,
				CDB05BBE1C23023900F7387C /* goods.jpg in Resources */,
				CDB05BD01C23120F00F7387C /* search.png in Resources */,
				CDB05BAC1C22EB1300F7387C /* navigationBar.jpg in Resources */,
				CD78D8091C26429700920DB4 /* update01.jpg in Resources */,
				CDB05BC21C23024B00F7387C /* shoping.jpg in Resources */,
				CDB05B5E1C22C93D00F7387C /* Images.xcassets in Resources */,
				CDB05B9A1C22CD8E00F7387C /* tabBarViewController.xib in Resources */,
				CDB05BE71C23E39700F7387C /* ViewController.xib in Resources */,
				CDB05B8F1C22CB1400F7387C /* myTableViewController.xib in Resources */,
				CDB05BE21C23C57500F7387C /* frontPageTableViewController.xib in Resources */,
				CDB05BAE1C22EBF400F7387C /* tabBar.jpg in Resources */,
				CD78D8011C26419700920DB4 /* update02.jpg in Resources */,
				CDB05BA61C22D06E00F7387C /* welcomeViewController.xib in Resources */,
				CDB05BCC1C230B3600F7387C /* barItemSelected.jpg in Resources */,
				CDB05B8A1C22CA8B00F7387C /* shopingTableViewController.xib in Resources */,
				CD78D8061C2641A700920DB4 /* update04.jpg in Resources */,
				CDB05BD81C2333D700F7387C /* loginViewController.xib in Resources */,
				CD78D8071C2641A700920DB4 /* update05.jpg in Resources */,
				CD78D80D1C26871A00920DB4 /* welcome.jpg in Resources */,
				CD78D8051C2641A700920DB4 /* update03.jpg in Resources */,
				CDB05BDD1C23BAC200F7387C /* icon01.png in Resources */,
				CDB05B851C22CA3100F7387C /* goodsTableViewController.xib in Resources */,
			);
			runOnlyForDeploymentPostprocessing = 0;
		};
		CDB05B641C22C93D00F7387C /* Resources */ = {
			isa = PBXResourcesBuildPhase;
			buildActionMask = 2147483647;
			files = (
			);
			runOnlyForDeploymentPostprocessing = 0;
		};
/* End PBXResourcesBuildPhase section */

/* Begin PBXSourcesBuildPhase section */
		CDB05B461C22C93D00F7387C /* Sources */ = {
			isa = PBXSourcesBuildPhase;
			buildActionMask = 2147483647;
			files = (
				CDB05B531C22C93D00F7387C /* AppDelegate.m in Sources */,
				CDB05B841C22CA3100F7387C /* goodsTableViewController.m in Sources */,
				CDB05BA51C22D06E00F7387C /* welcomeViewController.m in Sources */,
				CDB05BD71C2333D700F7387C /* loginViewController.m in Sources */,
				CDB05B8E1C22CB1400F7387C /* myTableViewController.m in Sources */,
				CDB05BE61C23E39700F7387C /* ViewController.m in Sources */,
				CDB05B891C22CA8B00F7387C /* shopingTableViewController.m in Sources */,
				CDB05BE11C23C57500F7387C /* frontPageTableViewController.m in Sources */,
				CDB05B991C22CD8E00F7387C /* tabBarViewController.m in Sources */,
				CDB05B501C22C93D00F7387C /* main.m in Sources */,
				CDB05B561C22C93D00F7387C /* brilliantMilk.xcdatamodeld in Sources */,
			);
			runOnlyForDeploymentPostprocessing = 0;
		};
		CDB05B621C22C93D00F7387C /* Sources */ = {
			isa = PBXSourcesBuildPhase;
			buildActionMask = 2147483647;
			files = (
				CDB05B6D1C22C93D00F7387C /* brilliantMilkTests.m in Sources */,
			);
			runOnlyForDeploymentPostprocessing = 0;
		};
/* End PBXSourcesBuildPhase section */

/* Begin PBXTargetDependency section */
		CDB05B681C22C93D00F7387C /* PBXTargetDependency */ = {
			isa = PBXTargetDependency;
			target = CDB05B491C22C93D00F7387C /* brilliantMilk */;
			targetProxy = CDB05B671C22C93D00F7387C /* PBXContainerItemProxy */;
		};
/* End PBXTargetDependency section */

/* Begin XCBuildConfiguration section */
		CDB05B6E1C22C93D00F7387C /* Debug */ = {
			isa = XCBuildConfiguration;
			buildSettings = {
				ALWAYS_SEARCH_USER_PATHS = NO;
				CLANG_CXX_LANGUAGE_STANDARD = "gnu++0x";
				CLANG_CXX_LIBRARY = "libc++";
				CLANG_ENABLE_MODULES = YES;
				CLANG_ENABLE_OBJC_ARC = YES;
				CLANG_WARN_BOOL_CONVERSION = YES;
				CLANG_WARN_CONSTANT_CONVERSION = YES;
				CLANG_WARN_DIRECT_OBJC_ISA_USAGE = YES_ERROR;
				CLANG_WARN_EMPTY_BODY = YES;
				CLANG_WARN_ENUM_CONVERSION = YES;
				CLANG_WARN_INT_CONVERSION = YES;
				CLANG_WARN_OBJC_ROOT_CLASS = YES_ERROR;
				CLANG_WARN_UNREACHABLE_CODE = YES;
				CLANG_WARN__DUPLICATE_METHOD_MATCH = YES;
				"CODE_SIGN_IDENTITY[sdk=iphoneos*]" = "iPhone Developer";
				COPY_PHASE_STRIP = NO;
				DEBUG_INFORMATION_FORMAT = "dwarf-with-dsym";
				ENABLE_STRICT_OBJC_MSGSEND = YES;
				GCC_C_LANGUAGE_STANDARD = gnu99;
				GCC_DYNAMIC_NO_PIC = NO;
				GCC_NO_COMMON_BLOCKS = YES;
				GCC_OPTIMIZATION_LEVEL = 0;
				GCC_PREPROCESSOR_DEFINITIONS = (
					"DEBUG=1",
					"$(inherited)",
				);
				GCC_SYMBOLS_PRIVATE_EXTERN = NO;
				GCC_WARN_64_TO_32_BIT_CONVERSION = YES;
				GCC_WARN_ABOUT_RETURN_TYPE = YES_ERROR;
				GCC_WARN_UNDECLARED_SELECTOR = YES;
				GCC_WARN_UNINITIALIZED_AUTOS = YES_AGGRESSIVE;
				GCC_WARN_UNUSED_FUNCTION = YES;
				GCC_WARN_UNUSED_VARIABLE = YES;
				IPHONEOS_DEPLOYMENT_TARGET = 8.3;
				MTL_ENABLE_DEBUG_INFO = YES;
				ONLY_ACTIVE_ARCH = YES;
				SDKROOT = iphoneos;
			};
			name = Debug;
		};
		CDB05B6F1C22C93D00F7387C /* Release */ = {
			isa = XCBuildConfiguration;
			buildSettings = {
				ALWAYS_SEARCH_USER_PATHS = NO;
				CLANG_CXX_LANGUAGE_STANDARD = "gnu++0x";
				CLANG_CXX_LIBRARY = "libc++";
				CLANG_ENABLE_MODULES = YES;
				CLANG_ENABLE_OBJC_ARC = YES;
				CLANG_WARN_BOOL_CONVERSION = YES;
				CLANG_WARN_CONSTANT_CONVERSION = YES;
				CLANG_WARN_DIRECT_OBJC_ISA_USAGE = YES_ERROR;
				CLANG_WARN_EMPTY_BODY = YES;
				CLANG_WARN_ENUM_CONVERSION = YES;
				CLANG_WARN_INT_CONVERSION = YES;
				CLANG_WARN_OBJC_ROOT_CLASS = YES_ERROR;
				CLANG_WARN_UNREACHABLE_CODE = YES;
				CLANG_WARN__DUPLICATE_METHOD_MATCH = YES;
				"CODE_SIGN_IDENTITY[sdk=iphoneos*]" = "iPhone Developer";
				COPY_PHASE_STRIP = NO;
				DEBUG_INFORMATION_FORMAT = "dwarf-with-dsym";
				ENABLE_NS_ASSERTIONS = NO;
				ENABLE_STRICT_OBJC_MSGSEND = YES;
				GCC_C_LANGUAGE_STANDARD = gnu99;
				GCC_NO_COMMON_BLOCKS = YES;
				GCC_WARN_64_TO_32_BIT_CONVERSION = YES;
				GCC_WARN_ABOUT_RETURN_TYPE = YES_ERROR;
				GCC_WARN_UNDECLARED_SELECTOR = YES;
				GCC_WARN_UNINITIALIZED_AUTOS = YES_AGGRESSIVE;
				GCC_WARN_UNUSED_FUNCTION = YES;
				GCC_WARN_UNUSED_VARIABLE = YES;
				IPHONEOS_DEPLOYMENT_TARGET = 8.3;
				MTL_ENABLE_DEBUG_INFO = NO;
				SDKROOT = iphoneos;
				VALIDATE_PRODUCT = YES;
			};
			name = Release;
		};
		CDB05B711C22C93D00F7387C /* Debug */ = {
			isa = XCBuildConfiguration;
			buildSettings = {
				ASSETCATALOG_COMPILER_APPICON_NAME = AppIcon;
				INFOPLIST_FILE = brilliantMilk/Info.plist;
				LD_RUNPATH_SEARCH_PATHS = "$(inherited) @executable_path/Frameworks";
				PRODUCT_NAME = "$(TARGET_NAME)";
			};
			name = Debug;
		};
		CDB05B721C22C93D00F7387C /* Release */ = {
			isa = XCBuildConfiguration;
			buildSettings = {
				ASSETCATALOG_COMPILER_APPICON_NAME = AppIcon;
				INFOPLIST_FILE = brilliantMilk/Info.plist;
				LD_RUNPATH_SEARCH_PATHS = "$(inherited) @executable_path/Frameworks";
				PRODUCT_NAME = "$(TARGET_NAME)";
			};
			name = Release;
		};
		CDB05B741C22C93D00F7387C /* Debug */ = {
			isa = XCBuildConfiguration;
			buildSettings = {
				BUNDLE_LOADER = "$(TEST_HOST)";
				FRAMEWORK_SEARCH_PATHS = (
					"$(SDKROOT)/Developer/Library/Frameworks",
					"$(inherited)",
				);
				GCC_PREPROCESSOR_DEFINITIONS = (
					"DEBUG=1",
					"$(inherited)",
				);
				INFOPLIST_FILE = brilliantMilkTests/Info.plist;
				LD_RUNPATH_SEARCH_PATHS = "$(inherited) @executable_path/Frameworks @loader_path/Frameworks";
				PRODUCT_NAME = "$(TARGET_NAME)";
				TEST_HOST = "$(BUILT_PRODUCTS_DIR)/brilliantMilk.app/brilliantMilk";
			};
			name = Debug;
		};
		CDB05B751C22C93D00F7387C /* Release */ = {
			isa = XCBuildConfiguration;
			buildSettings = {
				BUNDLE_LOADER = "$(TEST_HOST)";
				FRAMEWORK_SEARCH_PATHS = (
					"$(SDKROOT)/Developer/Library/Frameworks",
					"$(inherited)",
				);
				INFOPLIST_FILE = brilliantMilkTests/Info.plist;
				LD_RUNPATH_SEARCH_PATHS = "$(inherited) @executable_path/Frameworks @loader_path/Frameworks";
				PRODUCT_NAME = "$(TARGET_NAME)";
				TEST_HOST = "$(BUILT_PRODUCTS_DIR)/brilliantMilk.app/brilliantMilk";
			};
			name = Release;
		};
/* End XCBuildConfiguration section */

/* Begin XCConfigurationList section */
		CDB05B451C22C93D00F7387C /* Build configuration list for PBXProject "brilliantMilk" */ = {
			isa = XCConfigurationList;
			buildConfigurations = (
				CDB05B6E1C22C93D00F7387C /* Debug */,
				CDB05B6F1C22C93D00F7387C /* Release */,
			);
			defaultConfigurationIsVisible = 0;
			defaultConfigurationName = Release;
		};
		CDB05B701C22C93D00F7387C /* Build configuration list for PBXNativeTarget "brilliantMilk" */ = {
			isa = XCConfigurationList;
			buildConfigurations = (
				CDB05B711C22C93D00F7387C /* Debug */,
				CDB05B721C22C93D00F7387C /* Release */,
			);
			defaultConfigurationIsVisible = 0;
			defaultConfigurationName = Release;
		};
		CDB05B731C22C93D00F7387C /* Build configuration list for PBXNativeTarget "brilliantMilkTests" */ = {
			isa = XCConfigurationList;
			buildConfigurations = (
				CDB05B741C22C93D00F7387C /* Debug */,
				CDB05B751C22C93D00F7387C /* Release */,
			);
			defaultConfigurationIsVisible = 0;
			defaultConfigurationName = Release;
		};
/* End XCConfigurationList section */

/* Begin XCVersionGroup section */
		CDB05B541C22C93D00F7387C /* brilliantMilk.xcdatamodeld */ = {
			isa = XCVersionGroup;
			children = (
				CDB05B551C22C93D00F7387C /* brilliantMilk.xcdatamodel */,
			);
			currentVersion = CDB05B551C22C93D00F7387C /* brilliantMilk.xcdatamodel */;
			path = brilliantMilk.xcdatamodeld;
			sourceTree = "<group>";
			versionGroupType = wrapper.xcdatamodel;
		};
/* End XCVersionGroup section */
	};
	rootObject = CDB05B421C22C93D00F7387C /* Project object */;
}
